
Microsoft Visual Studio Solution File, Format Version 12.00
# Visual Studio Version 16
VisualStudioVersion = 16.0.32002.261
MinimumVisualStudioVersion = 10.0.40219.1
Project("{9A19103F-16F7-4668-BE54-9A1E7A4F7556}") = "WebApp-OpenIDConnect-DotNet", "D:\Narayan\brillio\Work\sample\AzureADOpenid\WebApp-OpenIDConnect-DotNet.csproj", "{232DED4B-B2F5-452D-8E60-7E6BC3B5B749}"
EndProject
Project("{FAE04EC0-301F-11D3-BF4B-00C04F79EFBC}") = "B2C", "..\B2C\B2C.csproj", "{A5034E07-F0F9-4024-B036-977AE241A1E5}"
EndProject
Global
	GlobalSection(SolutionConfigurationPlatforms) = preSolution
		Debug|Any CPU = Debug|Any CPU
		Release|Any CPU = Release|Any CPU
	EndGlobalSection
	GlobalSection(ProjectConfigurationPlatforms) = postSolution
		{232DED4B-B2F5-452D-8E60-7E6BC3B5B749}.Debug|Any CPU.ActiveCfg = Debug|Any CPU
		{232DED4B-B2F5-452D-8E60-7E6BC3B5B749}.Debug|Any CPU.Build.0 = Debug|Any CPU
		{232DED4B-B2F5-452D-8E60-7E6BC3B5B749}.Release|Any CPU.ActiveCfg = Release|Any CPU
		{232DED4B-B2F5-452D-8E60-7E6BC3B5B749}.Release|Any CPU.Build.0 = Release|Any CPU
		{A5034E07-F0F9-4024-B036-977AE241A1E5}.Debug|Any CPU.ActiveCfg = Debug|Any CPU
		{A5034E07-F0F9-4024-B036-977AE241A1E5}.Debug|Any CPU.Build.0 = Debug|Any CPU
		{A5034E07-F0F9-4024-B036-977AE241A1E5}.Release|Any CPU.ActiveCfg = Release|Any CPU
		{A5034E07-F0F9-4024-B036-977AE241A1E5}.Release|Any CPU.Build.0 = Release|Any CPU
	EndGlobalSection
	GlobalSection(SolutionProperties) = preSolution
		HideSolutionNode = FALSE
	EndGlobalSection
	GlobalSection(ExtensibilityGlobals) = postSolution
		SolutionGuid = {B58A55A1-93AA-451D-85D5-5740A2D09B70}
	EndGlobalSection
EndGlobal
